
Microsoft Visual Studio Solution File, Format Version 12.00
# Visual Studio Version 17
VisualStudioVersion = 17.1.32319.34
MinimumVisualStudioVersion = 10.0.40219.1
Project("{FAE04EC0-301F-11D3-BF4B-00C04F79EFBC}") = "DesktopApp", "DesktopApp\DesktopApp.csproj", "{763D0DAF-813C-4E0D-8B02-C65FC0089445}"
EndProject
Global
	GlobalSection(SolutionConfigurationPlatforms) = preSolution
		Debug|Any CPU = Debug|Any CPU
		Release|Any CPU = Release|Any CPU
	EndGlobalSection
	GlobalSection(ProjectConfigurationPlatforms) = postSolution
		{763D0DAF-813C-4E0D-8B02-C65FC0089445}.Debug|Any CPU.ActiveCfg = Debug|Any CPU
		{763D0DAF-813C-4E0D-8B02-C65FC0089445}.Debug|Any CPU.Build.0 = Debug|Any CPU
		{763D0DAF-813C-4E0D-8B02-C65FC0089445}.Release|Any CPU.ActiveCfg = Release|Any CPU
		{763D0DAF-813C-4E0D-8B02-C65FC0089445}.Release|Any CPU.Build.0 = Release|Any CPU
	EndGlobalSection
	GlobalSection(SolutionProperties) = preSolution
		HideSolutionNode = FALSE
	EndGlobalSection
	GlobalSection(ExtensibilityGlobals) = postSolution
		SolutionGuid = {92C64565-1C05-4BCC-8F8B-7756D80F708B}
	EndGlobalSection
EndGlobal
